# THIS IS AN AUTOGENERATED FILE. DO NOT EDIT THIS FILE DIRECTLY.
# yarn lockfile v1


es6-mixins@^1.0.2:
  version "1.0.2"
  resolved "https://registry.yarnpkg.com/es6-mixins/-/es6-mixins-1.0.2.tgz#c18741b9d9774cfb44f76df428ba3980140adf8c"

keypress@~0.2.1:
  version "0.2.1"
  resolved "https://registry.yarnpkg.com/keypress/-/keypress-0.2.1.tgz#1e80454250018dbad4c3fe94497d6e67b6269c77"

native-or-another@~2.0.0:
  version "2.0.0"
  resolved "https://registry.yarnpkg.com/native-or-another/-/native-or-another-2.0.0.tgz#17a567f92beea9cd71acff96a7681a735eca3bff"
  dependencies:
    native-or-bluebird "^1.1.2"

native-or-bluebird@^1.1.2:
  version "1.2.0"
  resolved "https://registry.yarnpkg.com/native-or-bluebird/-/native-or-bluebird-1.2.0.tgz#39c47bfd7825d1fb9ffad32210ae25daadf101c9"

prompt-promise@^1.0.3:
  version "1.0.3"
  resolved "https://registry.yarnpkg.com/prompt-promise/-/prompt-promise-1.0.3.tgz#78ce4fcb9a14a108c49174f2d808c440d1bde265"
  dependencies:
    keypress "~0.2.1"
    native-or-another "~2.0.0"
